
Microsoft Visual Studio Solution File, Format Version 12.00
# Visual Studio Version 17
VisualStudioVersion = 17.0.31903.59
MinimumVisualStudioVersion = 10.0.40219.1
Project("{FAE04EC0-301F-11D3-BF4B-00C04F79EFBC}") = "KakeiboApp", "KakeiboApp\KakeiboApp.csproj", "{31D1F2E2-0496-4EFF-A39F-595D1C6F841D}"
EndProject
Project("{FAE04EC0-301F-11D3-BF4B-00C04F79EFBC}") = "KakeiboApp.Test", "KakeiboApp.Test\KakeiboApp.Test.csproj", "{4C3C5140-6497-4993-8831-4E68523D3F68}"
EndProject
Project("{FAE04EC0-301F-11D3-BF4B-00C04F79EFBC}") = "KakeiboApp.Core", "KakeiboApp.Core\KakeiboApp.Core.csproj", "{6F959DFE-E4E0-461C-86D9-10D97AAEDBE5}"
EndProject
Project("{FAE04EC0-301F-11D3-BF4B-00C04F79EFBC}") = "KakeiboApp.ViewModel", "KakeiboApp.ViewModel\KakeiboApp.ViewModel.csproj", "{C050EEC2-6C92-4150-BA2A-C2D3D2410A62}"
EndProject
Global
	GlobalSection(SolutionConfigurationPlatforms) = preSolution
		Debug|Any CPU = Debug|Any CPU
		Release|Any CPU = Release|Any CPU
	EndGlobalSection
	GlobalSection(SolutionProperties) = preSolution
		HideSolutionNode = FALSE
	EndGlobalSection
	GlobalSection(ProjectConfigurationPlatforms) = postSolution
		{31D1F2E2-0496-4EFF-A39F-595D1C6F841D}.Debug|Any CPU.ActiveCfg = Debug|Any CPU
		{31D1F2E2-0496-4EFF-A39F-595D1C6F841D}.Debug|Any CPU.Build.0 = Debug|Any CPU
		{31D1F2E2-0496-4EFF-A39F-595D1C6F841D}.Release|Any CPU.ActiveCfg = Release|Any CPU
		{31D1F2E2-0496-4EFF-A39F-595D1C6F841D}.Release|Any CPU.Build.0 = Release|Any CPU
		{4C3C5140-6497-4993-8831-4E68523D3F68}.Debug|Any CPU.ActiveCfg = Debug|Any CPU
		{4C3C5140-6497-4993-8831-4E68523D3F68}.Debug|Any CPU.Build.0 = Debug|Any CPU
		{4C3C5140-6497-4993-8831-4E68523D3F68}.Release|Any CPU.ActiveCfg = Release|Any CPU
		{4C3C5140-6497-4993-8831-4E68523D3F68}.Release|Any CPU.Build.0 = Release|Any CPU
		{6F959DFE-E4E0-461C-86D9-10D97AAEDBE5}.Debug|Any CPU.ActiveCfg = Debug|Any CPU
		{6F959DFE-E4E0-461C-86D9-10D97AAEDBE5}.Debug|Any CPU.Build.0 = Debug|Any CPU
		{6F959DFE-E4E0-461C-86D9-10D97AAEDBE5}.Release|Any CPU.ActiveCfg = Release|Any CPU
		{6F959DFE-E4E0-461C-86D9-10D97AAEDBE5}.Release|Any CPU.Build.0 = Release|Any CPU
		{C050EEC2-6C92-4150-BA2A-C2D3D2410A62}.Debug|Any CPU.ActiveCfg = Debug|Any CPU
		{C050EEC2-6C92-4150-BA2A-C2D3D2410A62}.Debug|Any CPU.Build.0 = Debug|Any CPU
		{C050EEC2-6C92-4150-BA2A-C2D3D2410A62}.Release|Any CPU.ActiveCfg = Release|Any CPU
		{C050EEC2-6C92-4150-BA2A-C2D3D2410A62}.Release|Any CPU.Build.0 = Release|Any CPU
	EndGlobalSection
EndGlobal
